// !$*UTF8*$!
{
	archiveVersion = 1;
	classes = {
	};
	objectVersion = 56;
	objects = {

/* Begin PBXBuildFile section */
		14158CC02A3893D800C7533B /* PrecisionScoutApp.swift in Sources */ = {isa = PBXBuildFile; fileRef = 14158CBF2A3893D800C7533B /* PrecisionScoutApp.swift */; };
		14158CC22A3893D800C7533B /* ContentView.swift in Sources */ = {isa = PBXBuildFile; fileRef = 14158CC12A3893D800C7533B /* ContentView.swift */; };
		14158CC42A3893D900C7533B /* Assets.xcassets in Resources */ = {isa = PBXBuildFile; fileRef = 14158CC32A3893D900C7533B /* Assets.xcassets */; };
		14158CC72A3893D900C7533B /* Preview Assets.xcassets in Resources */ = {isa = PBXBuildFile; fileRef = 14158CC62A3893D900C7533B /* Preview Assets.xcassets */; };
		14158CCE2A38958E00C7533B /* CustomARView.swift in Sources */ = {isa = PBXBuildFile; fileRef = 14158CCD2A38958E00C7533B /* CustomARView.swift */; };
		14158CD02A38967900C7533B /* ARViewRepresentable.swift in Sources */ = {isa = PBXBuildFile; fileRef = 14158CCF2A38967900C7533B /* ARViewRepresentable.swift */; };
		14158CD32A38A8C400C7533B /* ARAction.swift in Sources */ = {isa = PBXBuildFile; fileRef = 14158CD22A38A8C400C7533B /* ARAction.swift */; };
		14158CD52A38A91C00C7533B /* ARManager.swift in Sources */ = {isa = PBXBuildFile; fileRef = 14158CD42A38A91C00C7533B /* ARManager.swift */; };
		14AD76482AA762BE004BFCCA /* PlantsModal.swift in Sources */ = {isa = PBXBuildFile; fileRef = 14AD76472AA762BE004BFCCA /* PlantsModal.swift */; };
		14AD764B2AA8B21D004BFCCA /* Plant.swift in Sources */ = {isa = PBXBuildFile; fileRef = 14AD764A2AA8B21D004BFCCA /* Plant.swift */; };
		14AD764D2AA8B2A1004BFCCA /* Plants.swift in Sources */ = {isa = PBXBuildFile; fileRef = 14AD764C2AA8B2A1004BFCCA /* Plants.swift */; };
		14AD764F2AA8B2B9004BFCCA /* Emergence.swift in Sources */ = {isa = PBXBuildFile; fileRef = 14AD764E2AA8B2B9004BFCCA /* Emergence.swift */; };
		14F0B1FF2A6025470019497B /* Color.swift in Sources */ = {isa = PBXBuildFile; fileRef = 14F0B1FE2A6025470019497B /* Color.swift */; };
		14F0B2042A60346C0019497B /* ARScreen.swift in Sources */ = {isa = PBXBuildFile; fileRef = 14F0B2032A60346C0019497B /* ARScreen.swift */; };
		14F0B2062A60378C0019497B /* DataTab.swift in Sources */ = {isa = PBXBuildFile; fileRef = 14F0B2052A60378C0019497B /* DataTab.swift */; };
		14F0B2082A603C220019497B /* HomeTab.swift in Sources */ = {isa = PBXBuildFile; fileRef = 14F0B2072A603C220019497B /* HomeTab.swift */; };
		14F0B20A2A605A1D0019497B /* ARViewCoordinator.swift in Sources */ = {isa = PBXBuildFile; fileRef = 14F0B2092A605A1D0019497B /* ARViewCoordinator.swift */; };
		14F0B20C2A627DB80019497B /* View.swift in Sources */ = {isa = PBXBuildFile; fileRef = 14F0B20B2A627DB80019497B /* View.swift */; };
		14F0B20F2A627E260019497B /* ViewModifiers.swift in Sources */ = {isa = PBXBuildFile; fileRef = 14F0B20E2A627E260019497B /* ViewModifiers.swift */; };
/* End PBXBuildFile section */

/* Begin PBXFileReference section */
		14158CBC2A3893D800C7533B /* PrecisionScout.app */ = {isa = PBXFileReference; explicitFileType = wrapper.application; includeInIndex = 0; path = PrecisionScout.app; sourceTree = BUILT_PRODUCTS_DIR; };
		14158CBF2A3893D800C7533B /* PrecisionScoutApp.swift */ = {isa = PBXFileReference; lastKnownFileType = sourcecode.swift; path = PrecisionScoutApp.swift; sourceTree = "<group>"; };
		14158CC12A3893D800C7533B /* ContentView.swift */ = {isa = PBXFileReference; lastKnownFileType = sourcecode.swift; path = ContentView.swift; sourceTree = "<group>"; };
		14158CC32A3893D900C7533B /* Assets.xcassets */ = {isa = PBXFileReference; lastKnownFileType = folder.assetcatalog; path = Assets.xcassets; sourceTree = "<group>"; };
		14158CC62A3893D900C7533B /* Preview Assets.xcassets */ = {isa = PBXFileReference; lastKnownFileType = folder.assetcatalog; path = "Preview Assets.xcassets"; sourceTree = "<group>"; };
		14158CCD2A38958E00C7533B /* CustomARView.swift */ = {isa = PBXFileReference; lastKnownFileType = sourcecode.swift; path = CustomARView.swift; sourceTree = "<group>"; };
		14158CCF2A38967900C7533B /* ARViewRepresentable.swift */ = {isa = PBXFileReference; lastKnownFileType = sourcecode.swift; path = ARViewRepresentable.swift; sourceTree = "<group>"; };
		14158CD22A38A8C400C7533B /* ARAction.swift */ = {isa = PBXFileReference; lastKnownFileType = sourcecode.swift; path = ARAction.swift; sourceTree = "<group>"; };
		14158CD42A38A91C00C7533B /* ARManager.swift */ = {isa = PBXFileReference; lastKnownFileType = sourcecode.swift; path = ARManager.swift; sourceTree = "<group>"; };
		14AD76472AA762BE004BFCCA /* PlantsModal.swift */ = {isa = PBXFileReference; lastKnownFileType = sourcecode.swift; path = PlantsModal.swift; sourceTree = "<group>"; };
		14AD764A2AA8B21D004BFCCA /* Plant.swift */ = {isa = PBXFileReference; lastKnownFileType = sourcecode.swift; path = Plant.swift; sourceTree = "<group>"; };
		14AD764C2AA8B2A1004BFCCA /* Plants.swift */ = {isa = PBXFileReference; lastKnownFileType = sourcecode.swift; path = Plants.swift; sourceTree = "<group>"; };
		14AD764E2AA8B2B9004BFCCA /* Emergence.swift */ = {isa = PBXFileReference; lastKnownFileType = sourcecode.swift; path = Emergence.swift; sourceTree = "<group>"; };
		14F0B1FE2A6025470019497B /* Color.swift */ = {isa = PBXFileReference; lastKnownFileType = sourcecode.swift; path = Color.swift; sourceTree = "<group>"; };
		14F0B2032A60346C0019497B /* ARScreen.swift */ = {isa = PBXFileReference; lastKnownFileType = sourcecode.swift; path = ARScreen.swift; sourceTree = "<group>"; };
		14F0B2052A60378C0019497B /* DataTab.swift */ = {isa = PBXFileReference; lastKnownFileType = sourcecode.swift; path = DataTab.swift; sourceTree = "<group>"; };
		14F0B2072A603C220019497B /* HomeTab.swift */ = {isa = PBXFileReference; lastKnownFileType = sourcecode.swift; path = HomeTab.swift; sourceTree = "<group>"; };
		14F0B2092A605A1D0019497B /* ARViewCoordinator.swift */ = {isa = PBXFileReference; lastKnownFileType = sourcecode.swift; path = ARViewCoordinator.swift; sourceTree = "<group>"; };
		14F0B20B2A627DB80019497B /* View.swift */ = {isa = PBXFileReference; lastKnownFileType = sourcecode.swift; path = View.swift; sourceTree = "<group>"; };
		14F0B20E2A627E260019497B /* ViewModifiers.swift */ = {isa = PBXFileReference; lastKnownFileType = sourcecode.swift; path = ViewModifiers.swift; sourceTree = "<group>"; };
/* End PBXFileReference section */

/* Begin PBXFrameworksBuildPhase section */
		14158CB92A3893D800C7533B /* Frameworks */ = {
			isa = PBXFrameworksBuildPhase;
			buildActionMask = 2147483647;
			files = (
			);
			runOnlyForDeploymentPostprocessing = 0;
		};
/* End PBXFrameworksBuildPhase section */

/* Begin PBXGroup section */
		14158CB32A3893D800C7533B = {
			isa = PBXGroup;
			children = (
				14158CBE2A3893D800C7533B /* PrecisionScout */,
				14158CBD2A3893D800C7533B /* Products */,
			);
			sourceTree = "<group>";
		};
		14158CBD2A3893D800C7533B /* Products */ = {
			isa = PBXGroup;
			children = (
				14158CBC2A3893D800C7533B /* PrecisionScout.app */,
			);
			name = Products;
			sourceTree = "<group>";
		};
		14158CBE2A3893D800C7533B /* PrecisionScout */ = {
			isa = PBXGroup;
			children = (
				14AD76492AA8B20B004BFCCA /* Models */,
				14AD76462AA7628C004BFCCA /* Views */,
				14F0B20D2A627E140019497B /* Styles */,
				14F0B2002A6034380019497B /* Screens */,
				14F0B1FD2A6025300019497B /* Extensions */,
				14158CD12A38972E00C7533B /* AR Components */,
				14158CBF2A3893D800C7533B /* PrecisionScoutApp.swift */,
				14158CC12A3893D800C7533B /* ContentView.swift */,
				14158CC32A3893D900C7533B /* Assets.xcassets */,
				14158CC52A3893D900C7533B /* Preview Content */,
			);
			path = PrecisionScout;
			sourceTree = "<group>";
		};
		14158CC52A3893D900C7533B /* Preview Content */ = {
			isa = PBXGroup;
			children = (
				14158CC62A3893D900C7533B /* Preview Assets.xcassets */,
			);
			path = "Preview Content";
			sourceTree = "<group>";
		};
		14158CD12A38972E00C7533B /* AR Components */ = {
			isa = PBXGroup;
			children = (
				14158CD42A38A91C00C7533B /* ARManager.swift */,
				14158CD22A38A8C400C7533B /* ARAction.swift */,
				14158CCF2A38967900C7533B /* ARViewRepresentable.swift */,
				14158CCD2A38958E00C7533B /* CustomARView.swift */,
				14F0B2092A605A1D0019497B /* ARViewCoordinator.swift */,
			);
			path = "AR Components";
			sourceTree = "<group>";
		};
		14AD76462AA7628C004BFCCA /* Views */ = {
			isa = PBXGroup;
			children = (
				14AD76472AA762BE004BFCCA /* PlantsModal.swift */,
			);
			path = Views;
			sourceTree = "<group>";
		};
		14AD76492AA8B20B004BFCCA /* Models */ = {
			isa = PBXGroup;
			children = (
				14AD764A2AA8B21D004BFCCA /* Plant.swift */,
				14AD764C2AA8B2A1004BFCCA /* Plants.swift */,
				14AD764E2AA8B2B9004BFCCA /* Emergence.swift */,
			);
			path = Models;
			sourceTree = "<group>";
		};
		14F0B1FD2A6025300019497B /* Extensions */ = {
			isa = PBXGroup;
			children = (
				14F0B1FE2A6025470019497B /* Color.swift */,
				14F0B20B2A627DB80019497B /* View.swift */,
			);
			path = Extensions;
			sourceTree = "<group>";
		};
		14F0B2002A6034380019497B /* Screens */ = {
			isa = PBXGroup;
			children = (
				14F0B2032A60346C0019497B /* ARScreen.swift */,
				14F0B2052A60378C0019497B /* DataTab.swift */,
				14F0B2072A603C220019497B /* HomeTab.swift */,
			);
			path = Screens;
			sourceTree = "<group>";
		};
		14F0B20D2A627E140019497B /* Styles */ = {
			isa = PBXGroup;
			children = (
				14F0B20E2A627E260019497B /* ViewModifiers.swift */,
			);
			path = Styles;
			sourceTree = "<group>";
		};
/* End PBXGroup section */

/* Begin PBXNativeTarget section */
		14158CBB2A3893D800C7533B /* PrecisionScout */ = {
			isa = PBXNativeTarget;
			buildConfigurationList = 14158CCA2A3893D900C7533B /* Build configuration list for PBXNativeTarget "PrecisionScout" */;
			buildPhases = (
				14158CB82A3893D800C7533B /* Sources */,
				14158CB92A3893D800C7533B /* Frameworks */,
				14158CBA2A3893D800C7533B /* Resources */,
				14F0B1FC2A6023230019497B /* SwiftFormat */,
			);
			buildRules = (
			);
			dependencies = (
			);
			name = PrecisionScout;
			productName = PrecisionScout;
			productReference = 14158CBC2A3893D800C7533B /* PrecisionScout.app */;
			productType = "com.apple.product-type.application";
		};
/* End PBXNativeTarget section */

/* Begin PBXProject section */
		14158CB42A3893D800C7533B /* Project object */ = {
			isa = PBXProject;
			attributes = {
				BuildIndependentTargetsInParallel = 1;
				LastSwiftUpdateCheck = 1430;
				LastUpgradeCheck = 1430;
				TargetAttributes = {
					14158CBB2A3893D800C7533B = {
						CreatedOnToolsVersion = 14.3;
					};
				};
			};
			buildConfigurationList = 14158CB72A3893D800C7533B /* Build configuration list for PBXProject "PrecisionScout" */;
			compatibilityVersion = "Xcode 14.0";
			developmentRegion = en;
			hasScannedForEncodings = 0;
			knownRegions = (
				en,
				Base,
			);
			mainGroup = 14158CB32A3893D800C7533B;
			productRefGroup = 14158CBD2A3893D800C7533B /* Products */;
			projectDirPath = "";
			projectRoot = "";
			targets = (
				14158CBB2A3893D800C7533B /* PrecisionScout */,
			);
		};
/* End PBXProject section */

/* Begin PBXResourcesBuildPhase section */
		14158CBA2A3893D800C7533B /* Resources */ = {
			isa = PBXResourcesBuildPhase;
			buildActionMask = 2147483647;
			files = (
				14158CC72A3893D900C7533B /* Preview Assets.xcassets in Resources */,
				14158CC42A3893D900C7533B /* Assets.xcassets in Resources */,
			);
			runOnlyForDeploymentPostprocessing = 0;
		};
/* End PBXResourcesBuildPhase section */

/* Begin PBXShellScriptBuildPhase section */
		14F0B1FC2A6023230019497B /* SwiftFormat */ = {
			isa = PBXShellScriptBuildPhase;
			buildActionMask = 2147483647;
			files = (
			);
			inputFileListPaths = (
			);
			inputPaths = (
			);
			name = SwiftFormat;
			outputFileListPaths = (
			);
			outputPaths = (
			);
			runOnlyForDeploymentPostprocessing = 0;
			shellPath = /bin/sh;
			shellScript = "# Type a script or drag a script file from your workspace to insert its path.\nexport PATH=\"/opt/homebrew/bin:$PATH\"\nif which swiftformat >/dev/null; then\n  swiftformat .\nelse\n  echo \"warning: SwiftFormat not installed, download from https://github.com/nicklockwood/SwiftFormat\"\nfi\n";
		};
/* End PBXShellScriptBuildPhase section */

/* Begin PBXSourcesBuildPhase section */
		14158CB82A3893D800C7533B /* Sources */ = {
			isa = PBXSourcesBuildPhase;
			buildActionMask = 2147483647;
			files = (
				14158CC22A3893D800C7533B /* ContentView.swift in Sources */,
				14158CD32A38A8C400C7533B /* ARAction.swift in Sources */,
				14F0B2062A60378C0019497B /* DataTab.swift in Sources */,
				14F0B20A2A605A1D0019497B /* ARViewCoordinator.swift in Sources */,
				14F0B1FF2A6025470019497B /* Color.swift in Sources */,
				14AD76482AA762BE004BFCCA /* PlantsModal.swift in Sources */,
				14F0B2042A60346C0019497B /* ARScreen.swift in Sources */,
				14AD764B2AA8B21D004BFCCA /* Plant.swift in Sources */,
				14158CCE2A38958E00C7533B /* CustomARView.swift in Sources */,
				14AD764D2AA8B2A1004BFCCA /* Plants.swift in Sources */,
				14158CD02A38967900C7533B /* ARViewRepresentable.swift in Sources */,
				14F0B20C2A627DB80019497B /* View.swift in Sources */,
				14F0B2082A603C220019497B /* HomeTab.swift in Sources */,
				14F0B20F2A627E260019497B /* ViewModifiers.swift in Sources */,
				14158CD52A38A91C00C7533B /* ARManager.swift in Sources */,
				14AD764F2AA8B2B9004BFCCA /* Emergence.swift in Sources */,
				14158CC02A3893D800C7533B /* PrecisionScoutApp.swift in Sources */,
			);
			runOnlyForDeploymentPostprocessing = 0;
		};
/* End PBXSourcesBuildPhase section */

/* Begin XCBuildConfiguration section */
		14158CC82A3893D900C7533B /* Debug */ = {
			isa = XCBuildConfiguration;
			buildSettings = {
				ALWAYS_SEARCH_USER_PATHS = NO;
				CLANG_ANALYZER_NONNULL = YES;
				CLANG_ANALYZER_NUMBER_OBJECT_CONVERSION = YES_AGGRESSIVE;
				CLANG_CXX_LANGUAGE_STANDARD = "gnu++20";
				CLANG_ENABLE_MODULES = YES;
				CLANG_ENABLE_OBJC_ARC = YES;
				CLANG_ENABLE_OBJC_WEAK = YES;
				CLANG_WARN_BLOCK_CAPTURE_AUTORELEASING = YES;
				CLANG_WARN_BOOL_CONVERSION = YES;
				CLANG_WARN_COMMA = YES;
				CLANG_WARN_CONSTANT_CONVERSION = YES;
				CLANG_WARN_DEPRECATED_OBJC_IMPLEMENTATIONS = YES;
				CLANG_WARN_DIRECT_OBJC_ISA_USAGE = YES_ERROR;
				CLANG_WARN_DOCUMENTATION_COMMENTS = YES;
				CLANG_WARN_EMPTY_BODY = YES;
				CLANG_WARN_ENUM_CONVERSION = YES;
				CLANG_WARN_INFINITE_RECURSION = YES;
				CLANG_WARN_INT_CONVERSION = YES;
				CLANG_WARN_NON_LITERAL_NULL_CONVERSION = YES;
				CLANG_WARN_OBJC_IMPLICIT_RETAIN_SELF = YES;
				CLANG_WARN_OBJC_LITERAL_CONVERSION = YES;
				CLANG_WARN_OBJC_ROOT_CLASS = YES_ERROR;
				CLANG_WARN_QUOTED_INCLUDE_IN_FRAMEWORK_HEADER = YES;
				CLANG_WARN_RANGE_LOOP_ANALYSIS = YES;
				CLANG_WARN_STRICT_PROTOTYPES = YES;
				CLANG_WARN_SUSPICIOUS_MOVE = YES;
				CLANG_WARN_UNGUARDED_AVAILABILITY = YES_AGGRESSIVE;
				CLANG_WARN_UNREACHABLE_CODE = YES;
				CLANG_WARN__DUPLICATE_METHOD_MATCH = YES;
				COPY_PHASE_STRIP = NO;
				DEBUG_INFORMATION_FORMAT = dwarf;
				ENABLE_STRICT_OBJC_MSGSEND = YES;
				ENABLE_TESTABILITY = YES;
				GCC_C_LANGUAGE_STANDARD = gnu11;
				GCC_DYNAMIC_NO_PIC = NO;
				GCC_NO_COMMON_BLOCKS = YES;
				GCC_OPTIMIZATION_LEVEL = 0;
				GCC_PREPROCESSOR_DEFINITIONS = (
					"DEBUG=1",
					"$(inherited)",
				);
				GCC_WARN_64_TO_32_BIT_CONVERSION = YES;
				GCC_WARN_ABOUT_RETURN_TYPE = YES_ERROR;
				GCC_WARN_UNDECLARED_SELECTOR = YES;
				GCC_WARN_UNINITIALIZED_AUTOS = YES_AGGRESSIVE;
				GCC_WARN_UNUSED_FUNCTION = YES;
				GCC_WARN_UNUSED_VARIABLE = YES;
				IPHONEOS_DEPLOYMENT_TARGET = 16.4;
				MTL_ENABLE_DEBUG_INFO = INCLUDE_SOURCE;
				MTL_FAST_MATH = YES;
				ONLY_ACTIVE_ARCH = YES;
				SDKROOT = iphoneos;
				SWIFT_ACTIVE_COMPILATION_CONDITIONS = DEBUG;
				SWIFT_OPTIMIZATION_LEVEL = "-Onone";
			};
			name = Debug;
		};
		14158CC92A3893D900C7533B /* Release */ = {
			isa = XCBuildConfiguration;
			buildSettings = {
				ALWAYS_SEARCH_USER_PATHS = NO;
				CLANG_ANALYZER_NONNULL = YES;
				CLANG_ANALYZER_NUMBER_OBJECT_CONVERSION = YES_AGGRESSIVE;
				CLANG_CXX_LANGUAGE_STANDARD = "gnu++20";
				CLANG_ENABLE_MODULES = YES;
				CLANG_ENABLE_OBJC_ARC = YES;
				CLANG_ENABLE_OBJC_WEAK = YES;
				CLANG_WARN_BLOCK_CAPTURE_AUTORELEASING = YES;
				CLANG_WARN_BOOL_CONVERSION = YES;
				CLANG_WARN_COMMA = YES;
				CLANG_WARN_CONSTANT_CONVERSION = YES;
				CLANG_WARN_DEPRECATED_OBJC_IMPLEMENTATIONS = YES;
				CLANG_WARN_DIRECT_OBJC_ISA_USAGE = YES_ERROR;
				CLANG_WARN_DOCUMENTATION_COMMENTS = YES;
				CLANG_WARN_EMPTY_BODY = YES;
				CLANG_WARN_ENUM_CONVERSION = YES;
				CLANG_WARN_INFINITE_RECURSION = YES;
				CLANG_WARN_INT_CONVERSION = YES;
				CLANG_WARN_NON_LITERAL_NULL_CONVERSION = YES;
				CLANG_WARN_OBJC_IMPLICIT_RETAIN_SELF = YES;
				CLANG_WARN_OBJC_LITERAL_CONVERSION = YES;
				CLANG_WARN_OBJC_ROOT_CLASS = YES_ERROR;
				CLANG_WARN_QUOTED_INCLUDE_IN_FRAMEWORK_HEADER = YES;
				CLANG_WARN_RANGE_LOOP_ANALYSIS = YES;
				CLANG_WARN_STRICT_PROTOTYPES = YES;
				CLANG_WARN_SUSPICIOUS_MOVE = YES;
				CLANG_WARN_UNGUARDED_AVAILABILITY = YES_AGGRESSIVE;
				CLANG_WARN_UNREACHABLE_CODE = YES;
				CLANG_WARN__DUPLICATE_METHOD_MATCH = YES;
				COPY_PHASE_STRIP = NO;
				DEBUG_INFORMATION_FORMAT = "dwarf-with-dsym";
				ENABLE_NS_ASSERTIONS = NO;
				ENABLE_STRICT_OBJC_MSGSEND = YES;
				GCC_C_LANGUAGE_STANDARD = gnu11;
				GCC_NO_COMMON_BLOCKS = YES;
				GCC_WARN_64_TO_32_BIT_CONVERSION = YES;
				GCC_WARN_ABOUT_RETURN_TYPE = YES_ERROR;
				GCC_WARN_UNDECLARED_SELECTOR = YES;
				GCC_WARN_UNINITIALIZED_AUTOS = YES_AGGRESSIVE;
				GCC_WARN_UNUSED_FUNCTION = YES;
				GCC_WARN_UNUSED_VARIABLE = YES;
				IPHONEOS_DEPLOYMENT_TARGET = 16.4;
				MTL_ENABLE_DEBUG_INFO = NO;
				MTL_FAST_MATH = YES;
				SDKROOT = iphoneos;
				SWIFT_COMPILATION_MODE = wholemodule;
				SWIFT_OPTIMIZATION_LEVEL = "-O";
				VALIDATE_PRODUCT = YES;
			};
			name = Release;
		};
		14158CCB2A3893D900C7533B /* Debug */ = {
			isa = XCBuildConfiguration;
			buildSettings = {
				ASSETCATALOG_COMPILER_APPICON_NAME = AppIcon;
				ASSETCATALOG_COMPILER_GLOBAL_ACCENT_COLOR_NAME = AccentColor;
				CODE_SIGN_STYLE = Automatic;
				CURRENT_PROJECT_VERSION = 1;
				DEVELOPMENT_ASSET_PATHS = "\"PrecisionScout/Preview Content\"";
				DEVELOPMENT_TEAM = HB6M77SRWM;
				ENABLE_PREVIEWS = YES;
				GENERATE_INFOPLIST_FILE = YES;
				INFOPLIST_KEY_NSCameraUsageDescription = "Needed to show AR View";
				INFOPLIST_KEY_UIApplicationSceneManifest_Generation = YES;
				INFOPLIST_KEY_UIApplicationSupportsIndirectInputEvents = YES;
				INFOPLIST_KEY_UILaunchScreen_Generation = YES;
				INFOPLIST_KEY_UISupportedInterfaceOrientations_iPad = "UIInterfaceOrientationPortrait UIInterfaceOrientationPortraitUpsideDown UIInterfaceOrientationLandscapeLeft UIInterfaceOrientationLandscapeRight";
				INFOPLIST_KEY_UISupportedInterfaceOrientations_iPhone = "UIInterfaceOrientationPortrait UIInterfaceOrientationLandscapeLeft UIInterfaceOrientationLandscapeRight";
				IPHONEOS_DEPLOYMENT_TARGET = 16.3;
				LD_RUNPATH_SEARCH_PATHS = (
					"$(inherited)",
					"@executable_path/Frameworks",
				);
				MARKETING_VERSION = 1.0;
				PRODUCT_BUNDLE_IDENTIFIER = com.andrewgilliland.PrecisionScout;
				PRODUCT_NAME = "$(TARGET_NAME)";
				SWIFT_EMIT_LOC_STRINGS = YES;
				SWIFT_VERSION = 5.0;
				TARGETED_DEVICE_FAMILY = "1,2";
			};
			name = Debug;
		};
		14158CCC2A3893D900C7533B /* Release */ = {
			isa = XCBuildConfiguration;
			buildSettings = {
				ASSETCATALOG_COMPILER_APPICON_NAME = AppIcon;
				ASSETCATALOG_COMPILER_GLOBAL_ACCENT_COLOR_NAME = AccentColor;
				CODE_SIGN_STYLE = Automatic;
				CURRENT_PROJECT_VERSION = 1;
				DEVELOPMENT_ASSET_PATHS = "\"PrecisionScout/Preview Content\"";
				DEVELOPMENT_TEAM = HB6M77SRWM;
				ENABLE_PREVIEWS = YES;
				GENERATE_INFOPLIST_FILE = YES;
				INFOPLIST_KEY_NSCameraUsageDescription = "Needed to show AR View";
				INFOPLIST_KEY_UIApplicationSceneManifest_Generation = YES;
				INFOPLIST_KEY_UIApplicationSupportsIndirectInputEvents = YES;
				INFOPLIST_KEY_UILaunchScreen_Generation = YES;
				INFOPLIST_KEY_UISupportedInterfaceOrientations_iPad = "UIInterfaceOrientationPortrait UIInterfaceOrientationPortraitUpsideDown UIInterfaceOrientationLandscapeLeft UIInterfaceOrientationLandscapeRight";
				INFOPLIST_KEY_UISupportedInterfaceOrientations_iPhone = "UIInterfaceOrientationPortrait UIInterfaceOrientationLandscapeLeft UIInterfaceOrientationLandscapeRight";
				IPHONEOS_DEPLOYMENT_TARGET = 16.3;
				LD_RUNPATH_SEARCH_PATHS = (
					"$(inherited)",
					"@executable_path/Frameworks",
				);
				MARKETING_VERSION = 1.0;
				PRODUCT_BUNDLE_IDENTIFIER = com.andrewgilliland.PrecisionScout;
				PRODUCT_NAME = "$(TARGET_NAME)";
				SWIFT_EMIT_LOC_STRINGS = YES;
				SWIFT_VERSION = 5.0;
				TARGETED_DEVICE_FAMILY = "1,2";
			};
			name = Release;
		};
/* End XCBuildConfiguration section */

/* Begin XCConfigurationList section */
		14158CB72A3893D800C7533B /* Build configuration list for PBXProject "PrecisionScout" */ = {
			isa = XCConfigurationList;
			buildConfigurations = (
				14158CC82A3893D900C7533B /* Debug */,
				14158CC92A3893D900C7533B /* Release */,
			);
			defaultConfigurationIsVisible = 0;
			defaultConfigurationName = Release;
		};
		14158CCA2A3893D900C7533B /* Build configuration list for PBXNativeTarget "PrecisionScout" */ = {
			isa = XCConfigurationList;
			buildConfigurations = (
				14158CCB2A3893D900C7533B /* Debug */,
				14158CCC2A3893D900C7533B /* Release */,
			);
			defaultConfigurationIsVisible = 0;
			defaultConfigurationName = Release;
		};
/* End XCConfigurationList section */
	};
	rootObject = 14158CB42A3893D800C7533B /* Project object */;
}
