// !$*UTF8*$!
{
	archiveVersion = 1;
	classes = {
	};
	objectVersion = 56;
	objects = {

/* Begin PBXBuildFile section */
		14E8D98D2A1F94A7004A6781 /* CoreDataProjectApp.swift in Sources */ = {isa = PBXBuildFile; fileRef = 14E8D98C2A1F94A7004A6781 /* CoreDataProjectApp.swift */; };
		14E8D98F2A1F94A7004A6781 /* ContentView.swift in Sources */ = {isa = PBXBuildFile; fileRef = 14E8D98E2A1F94A7004A6781 /* ContentView.swift */; };
		14E8D9912A1F94A8004A6781 /* Assets.xcassets in Resources */ = {isa = PBXBuildFile; fileRef = 14E8D9902A1F94A8004A6781 /* Assets.xcassets */; };
		14E8D9952A1F94A8004A6781 /* Preview Assets.xcassets in Resources */ = {isa = PBXBuildFile; fileRef = 14E8D9942A1F94A8004A6781 /* Preview Assets.xcassets */; };
		14E8D99F2A1F94A8004A6781 /* CoreDataProjectTests.swift in Sources */ = {isa = PBXBuildFile; fileRef = 14E8D99E2A1F94A8004A6781 /* CoreDataProjectTests.swift */; };
		14E8D9A92A1F94A8004A6781 /* CoreDataProjectUITests.swift in Sources */ = {isa = PBXBuildFile; fileRef = 14E8D9A82A1F94A8004A6781 /* CoreDataProjectUITests.swift */; };
		14E8D9AB2A1F94A8004A6781 /* CoreDataProjectUITestsLaunchTests.swift in Sources */ = {isa = PBXBuildFile; fileRef = 14E8D9AA2A1F94A8004A6781 /* CoreDataProjectUITestsLaunchTests.swift */; };
		14E8D9B82A1F951C004A6781 /* DataController.swift in Sources */ = {isa = PBXBuildFile; fileRef = 14E8D9B72A1F951C004A6781 /* DataController.swift */; };
		14E8D9BB2A1F96E0004A6781 /* CoreDataProject.xcdatamodeld in Sources */ = {isa = PBXBuildFile; fileRef = 14E8D9B92A1F96E0004A6781 /* CoreDataProject.xcdatamodeld */; };
		14E8D9BD2A1F9E47004A6781 /* HashableView.swift in Sources */ = {isa = PBXBuildFile; fileRef = 14E8D9BC2A1F9E47004A6781 /* HashableView.swift */; };
		14E8D9C02A1F9F5D004A6781 /* Movie+CoreDataClass.swift in Sources */ = {isa = PBXBuildFile; fileRef = 14E8D9BE2A1F9F5D004A6781 /* Movie+CoreDataClass.swift */; };
		14E8D9C12A1F9F5D004A6781 /* Movie+CoreDataProperties.swift in Sources */ = {isa = PBXBuildFile; fileRef = 14E8D9BF2A1F9F5D004A6781 /* Movie+CoreDataProperties.swift */; };
/* End PBXBuildFile section */

/* Begin PBXContainerItemProxy section */
		14E8D99B2A1F94A8004A6781 /* PBXContainerItemProxy */ = {
			isa = PBXContainerItemProxy;
			containerPortal = 14E8D9812A1F94A7004A6781 /* Project object */;
			proxyType = 1;
			remoteGlobalIDString = 14E8D9882A1F94A7004A6781;
			remoteInfo = CoreDataProject;
		};
		14E8D9A52A1F94A8004A6781 /* PBXContainerItemProxy */ = {
			isa = PBXContainerItemProxy;
			containerPortal = 14E8D9812A1F94A7004A6781 /* Project object */;
			proxyType = 1;
			remoteGlobalIDString = 14E8D9882A1F94A7004A6781;
			remoteInfo = CoreDataProject;
		};
/* End PBXContainerItemProxy section */

/* Begin PBXFileReference section */
		14E8D9892A1F94A7004A6781 /* CoreDataProject.app */ = {isa = PBXFileReference; explicitFileType = wrapper.application; includeInIndex = 0; path = CoreDataProject.app; sourceTree = BUILT_PRODUCTS_DIR; };
		14E8D98C2A1F94A7004A6781 /* CoreDataProjectApp.swift */ = {isa = PBXFileReference; lastKnownFileType = sourcecode.swift; path = CoreDataProjectApp.swift; sourceTree = "<group>"; };
		14E8D98E2A1F94A7004A6781 /* ContentView.swift */ = {isa = PBXFileReference; lastKnownFileType = sourcecode.swift; path = ContentView.swift; sourceTree = "<group>"; };
		14E8D9902A1F94A8004A6781 /* Assets.xcassets */ = {isa = PBXFileReference; lastKnownFileType = folder.assetcatalog; path = Assets.xcassets; sourceTree = "<group>"; };
		14E8D9922A1F94A8004A6781 /* CoreDataProject.entitlements */ = {isa = PBXFileReference; lastKnownFileType = text.plist.entitlements; path = CoreDataProject.entitlements; sourceTree = "<group>"; };
		14E8D9942A1F94A8004A6781 /* Preview Assets.xcassets */ = {isa = PBXFileReference; lastKnownFileType = folder.assetcatalog; path = "Preview Assets.xcassets"; sourceTree = "<group>"; };
		14E8D99A2A1F94A8004A6781 /* CoreDataProjectTests.xctest */ = {isa = PBXFileReference; explicitFileType = wrapper.cfbundle; includeInIndex = 0; path = CoreDataProjectTests.xctest; sourceTree = BUILT_PRODUCTS_DIR; };
		14E8D99E2A1F94A8004A6781 /* CoreDataProjectTests.swift */ = {isa = PBXFileReference; lastKnownFileType = sourcecode.swift; path = CoreDataProjectTests.swift; sourceTree = "<group>"; };
		14E8D9A42A1F94A8004A6781 /* CoreDataProjectUITests.xctest */ = {isa = PBXFileReference; explicitFileType = wrapper.cfbundle; includeInIndex = 0; path = CoreDataProjectUITests.xctest; sourceTree = BUILT_PRODUCTS_DIR; };
		14E8D9A82A1F94A8004A6781 /* CoreDataProjectUITests.swift */ = {isa = PBXFileReference; lastKnownFileType = sourcecode.swift; path = CoreDataProjectUITests.swift; sourceTree = "<group>"; };
		14E8D9AA2A1F94A8004A6781 /* CoreDataProjectUITestsLaunchTests.swift */ = {isa = PBXFileReference; lastKnownFileType = sourcecode.swift; path = CoreDataProjectUITestsLaunchTests.swift; sourceTree = "<group>"; };
		14E8D9B72A1F951C004A6781 /* DataController.swift */ = {isa = PBXFileReference; lastKnownFileType = sourcecode.swift; path = DataController.swift; sourceTree = "<group>"; };
		14E8D9BA2A1F96E0004A6781 /* CoreDataProject.xcdatamodel */ = {isa = PBXFileReference; lastKnownFileType = wrapper.xcdatamodel; path = CoreDataProject.xcdatamodel; sourceTree = "<group>"; };
		14E8D9BC2A1F9E47004A6781 /* HashableView.swift */ = {isa = PBXFileReference; lastKnownFileType = sourcecode.swift; path = HashableView.swift; sourceTree = "<group>"; };
		14E8D9BE2A1F9F5D004A6781 /* Movie+CoreDataClass.swift */ = {isa = PBXFileReference; lastKnownFileType = sourcecode.swift; path = "Movie+CoreDataClass.swift"; sourceTree = "<group>"; };
		14E8D9BF2A1F9F5D004A6781 /* Movie+CoreDataProperties.swift */ = {isa = PBXFileReference; lastKnownFileType = sourcecode.swift; path = "Movie+CoreDataProperties.swift"; sourceTree = "<group>"; };
/* End PBXFileReference section */

/* Begin PBXFrameworksBuildPhase section */
		14E8D9862A1F94A7004A6781 /* Frameworks */ = {
			isa = PBXFrameworksBuildPhase;
			buildActionMask = 2147483647;
			files = (
			);
			runOnlyForDeploymentPostprocessing = 0;
		};
		14E8D9972A1F94A8004A6781 /* Frameworks */ = {
			isa = PBXFrameworksBuildPhase;
			buildActionMask = 2147483647;
			files = (
			);
			runOnlyForDeploymentPostprocessing = 0;
		};
		14E8D9A12A1F94A8004A6781 /* Frameworks */ = {
			isa = PBXFrameworksBuildPhase;
			buildActionMask = 2147483647;
			files = (
			);
			runOnlyForDeploymentPostprocessing = 0;
		};
/* End PBXFrameworksBuildPhase section */

/* Begin PBXGroup section */
		14E8D9802A1F94A7004A6781 = {
			isa = PBXGroup;
			children = (
				14E8D98B2A1F94A7004A6781 /* CoreDataProject */,
				14E8D99D2A1F94A8004A6781 /* CoreDataProjectTests */,
				14E8D9A72A1F94A8004A6781 /* CoreDataProjectUITests */,
				14E8D98A2A1F94A7004A6781 /* Products */,
			);
			sourceTree = "<group>";
		};
		14E8D98A2A1F94A7004A6781 /* Products */ = {
			isa = PBXGroup;
			children = (
				14E8D9892A1F94A7004A6781 /* CoreDataProject.app */,
				14E8D99A2A1F94A8004A6781 /* CoreDataProjectTests.xctest */,
				14E8D9A42A1F94A8004A6781 /* CoreDataProjectUITests.xctest */,
			);
			name = Products;
			sourceTree = "<group>";
		};
		14E8D98B2A1F94A7004A6781 /* CoreDataProject */ = {
			isa = PBXGroup;
			children = (
				14E8D9BE2A1F9F5D004A6781 /* Movie+CoreDataClass.swift */,
				14E8D9BF2A1F9F5D004A6781 /* Movie+CoreDataProperties.swift */,
				14E8D98C2A1F94A7004A6781 /* CoreDataProjectApp.swift */,
				14E8D9B92A1F96E0004A6781 /* CoreDataProject.xcdatamodeld */,
				14E8D98E2A1F94A7004A6781 /* ContentView.swift */,
				14E8D9BC2A1F9E47004A6781 /* HashableView.swift */,
				14E8D9B72A1F951C004A6781 /* DataController.swift */,
				14E8D9902A1F94A8004A6781 /* Assets.xcassets */,
				14E8D9922A1F94A8004A6781 /* CoreDataProject.entitlements */,
				14E8D9932A1F94A8004A6781 /* Preview Content */,
			);
			path = CoreDataProject;
			sourceTree = "<group>";
		};
		14E8D9932A1F94A8004A6781 /* Preview Content */ = {
			isa = PBXGroup;
			children = (
				14E8D9942A1F94A8004A6781 /* Preview Assets.xcassets */,
			);
			path = "Preview Content";
			sourceTree = "<group>";
		};
		14E8D99D2A1F94A8004A6781 /* CoreDataProjectTests */ = {
			isa = PBXGroup;
			children = (
				14E8D99E2A1F94A8004A6781 /* CoreDataProjectTests.swift */,
			);
			path = CoreDataProjectTests;
			sourceTree = "<group>";
		};
		14E8D9A72A1F94A8004A6781 /* CoreDataProjectUITests */ = {
			isa = PBXGroup;
			children = (
				14E8D9A82A1F94A8004A6781 /* CoreDataProjectUITests.swift */,
				14E8D9AA2A1F94A8004A6781 /* CoreDataProjectUITestsLaunchTests.swift */,
			);
			path = CoreDataProjectUITests;
			sourceTree = "<group>";
		};
/* End PBXGroup section */

/* Begin PBXNativeTarget section */
		14E8D9882A1F94A7004A6781 /* CoreDataProject */ = {
			isa = PBXNativeTarget;
			buildConfigurationList = 14E8D9AE2A1F94A8004A6781 /* Build configuration list for PBXNativeTarget "CoreDataProject" */;
			buildPhases = (
				14E8D9852A1F94A7004A6781 /* Sources */,
				14E8D9862A1F94A7004A6781 /* Frameworks */,
				14E8D9872A1F94A7004A6781 /* Resources */,
			);
			buildRules = (
			);
			dependencies = (
			);
			name = CoreDataProject;
			productName = CoreDataProject;
			productReference = 14E8D9892A1F94A7004A6781 /* CoreDataProject.app */;
			productType = "com.apple.product-type.application";
		};
		14E8D9992A1F94A8004A6781 /* CoreDataProjectTests */ = {
			isa = PBXNativeTarget;
			buildConfigurationList = 14E8D9B12A1F94A8004A6781 /* Build configuration list for PBXNativeTarget "CoreDataProjectTests" */;
			buildPhases = (
				14E8D9962A1F94A8004A6781 /* Sources */,
				14E8D9972A1F94A8004A6781 /* Frameworks */,
				14E8D9982A1F94A8004A6781 /* Resources */,
			);
			buildRules = (
			);
			dependencies = (
				14E8D99C2A1F94A8004A6781 /* PBXTargetDependency */,
			);
			name = CoreDataProjectTests;
			productName = CoreDataProjectTests;
			productReference = 14E8D99A2A1F94A8004A6781 /* CoreDataProjectTests.xctest */;
			productType = "com.apple.product-type.bundle.unit-test";
		};
		14E8D9A32A1F94A8004A6781 /* CoreDataProjectUITests */ = {
			isa = PBXNativeTarget;
			buildConfigurationList = 14E8D9B42A1F94A8004A6781 /* Build configuration list for PBXNativeTarget "CoreDataProjectUITests" */;
			buildPhases = (
				14E8D9A02A1F94A8004A6781 /* Sources */,
				14E8D9A12A1F94A8004A6781 /* Frameworks */,
				14E8D9A22A1F94A8004A6781 /* Resources */,
			);
			buildRules = (
			);
			dependencies = (
				14E8D9A62A1F94A8004A6781 /* PBXTargetDependency */,
			);
			name = CoreDataProjectUITests;
			productName = CoreDataProjectUITests;
			productReference = 14E8D9A42A1F94A8004A6781 /* CoreDataProjectUITests.xctest */;
			productType = "com.apple.product-type.bundle.ui-testing";
		};
/* End PBXNativeTarget section */

/* Begin PBXProject section */
		14E8D9812A1F94A7004A6781 /* Project object */ = {
			isa = PBXProject;
			attributes = {
				BuildIndependentTargetsInParallel = 1;
				LastSwiftUpdateCheck = 1430;
				LastUpgradeCheck = 1430;
				TargetAttributes = {
					14E8D9882A1F94A7004A6781 = {
						CreatedOnToolsVersion = 14.3;
					};
					14E8D9992A1F94A8004A6781 = {
						CreatedOnToolsVersion = 14.3;
						TestTargetID = 14E8D9882A1F94A7004A6781;
					};
					14E8D9A32A1F94A8004A6781 = {
						CreatedOnToolsVersion = 14.3;
						TestTargetID = 14E8D9882A1F94A7004A6781;
					};
				};
			};
			buildConfigurationList = 14E8D9842A1F94A7004A6781 /* Build configuration list for PBXProject "CoreDataProject" */;
			compatibilityVersion = "Xcode 14.0";
			developmentRegion = en;
			hasScannedForEncodings = 0;
			knownRegions = (
				en,
				Base,
			);
			mainGroup = 14E8D9802A1F94A7004A6781;
			productRefGroup = 14E8D98A2A1F94A7004A6781 /* Products */;
			projectDirPath = "";
			projectRoot = "";
			targets = (
				14E8D9882A1F94A7004A6781 /* CoreDataProject */,
				14E8D9992A1F94A8004A6781 /* CoreDataProjectTests */,
				14E8D9A32A1F94A8004A6781 /* CoreDataProjectUITests */,
			);
		};
/* End PBXProject section */

/* Begin PBXResourcesBuildPhase section */
		14E8D9872A1F94A7004A6781 /* Resources */ = {
			isa = PBXResourcesBuildPhase;
			buildActionMask = 2147483647;
			files = (
				14E8D9952A1F94A8004A6781 /* Preview Assets.xcassets in Resources */,
				14E8D9912A1F94A8004A6781 /* Assets.xcassets in Resources */,
			);
			runOnlyForDeploymentPostprocessing = 0;
		};
		14E8D9982A1F94A8004A6781 /* Resources */ = {
			isa = PBXResourcesBuildPhase;
			buildActionMask = 2147483647;
			files = (
			);
			runOnlyForDeploymentPostprocessing = 0;
		};
		14E8D9A22A1F94A8004A6781 /* Resources */ = {
			isa = PBXResourcesBuildPhase;
			buildActionMask = 2147483647;
			files = (
			);
			runOnlyForDeploymentPostprocessing = 0;
		};
/* End PBXResourcesBuildPhase section */

/* Begin PBXSourcesBuildPhase section */
		14E8D9852A1F94A7004A6781 /* Sources */ = {
			isa = PBXSourcesBuildPhase;
			buildActionMask = 2147483647;
			files = (
				14E8D98F2A1F94A7004A6781 /* ContentView.swift in Sources */,
				14E8D9B82A1F951C004A6781 /* DataController.swift in Sources */,
				14E8D9BB2A1F96E0004A6781 /* CoreDataProject.xcdatamodeld in Sources */,
				14E8D9BD2A1F9E47004A6781 /* HashableView.swift in Sources */,
				14E8D9C02A1F9F5D004A6781 /* Movie+CoreDataClass.swift in Sources */,
				14E8D9C12A1F9F5D004A6781 /* Movie+CoreDataProperties.swift in Sources */,
				14E8D98D2A1F94A7004A6781 /* CoreDataProjectApp.swift in Sources */,
			);
			runOnlyForDeploymentPostprocessing = 0;
		};
		14E8D9962A1F94A8004A6781 /* Sources */ = {
			isa = PBXSourcesBuildPhase;
			buildActionMask = 2147483647;
			files = (
				14E8D99F2A1F94A8004A6781 /* CoreDataProjectTests.swift in Sources */,
			);
			runOnlyForDeploymentPostprocessing = 0;
		};
		14E8D9A02A1F94A8004A6781 /* Sources */ = {
			isa = PBXSourcesBuildPhase;
			buildActionMask = 2147483647;
			files = (
				14E8D9A92A1F94A8004A6781 /* CoreDataProjectUITests.swift in Sources */,
				14E8D9AB2A1F94A8004A6781 /* CoreDataProjectUITestsLaunchTests.swift in Sources */,
			);
			runOnlyForDeploymentPostprocessing = 0;
		};
/* End PBXSourcesBuildPhase section */

/* Begin PBXTargetDependency section */
		14E8D99C2A1F94A8004A6781 /* PBXTargetDependency */ = {
			isa = PBXTargetDependency;
			target = 14E8D9882A1F94A7004A6781 /* CoreDataProject */;
			targetProxy = 14E8D99B2A1F94A8004A6781 /* PBXContainerItemProxy */;
		};
		14E8D9A62A1F94A8004A6781 /* PBXTargetDependency */ = {
			isa = PBXTargetDependency;
			target = 14E8D9882A1F94A7004A6781 /* CoreDataProject */;
			targetProxy = 14E8D9A52A1F94A8004A6781 /* PBXContainerItemProxy */;
		};
/* End PBXTargetDependency section */

/* Begin XCBuildConfiguration section */
		14E8D9AC2A1F94A8004A6781 /* Debug */ = {
			isa = XCBuildConfiguration;
			buildSettings = {
				ALWAYS_SEARCH_USER_PATHS = NO;
				CLANG_ANALYZER_NONNULL = YES;
				CLANG_ANALYZER_NUMBER_OBJECT_CONVERSION = YES_AGGRESSIVE;
				CLANG_CXX_LANGUAGE_STANDARD = "gnu++20";
				CLANG_ENABLE_MODULES = YES;
				CLANG_ENABLE_OBJC_ARC = YES;
				CLANG_ENABLE_OBJC_WEAK = YES;
				CLANG_WARN_BLOCK_CAPTURE_AUTORELEASING = YES;
				CLANG_WARN_BOOL_CONVERSION = YES;
				CLANG_WARN_COMMA = YES;
				CLANG_WARN_CONSTANT_CONVERSION = YES;
				CLANG_WARN_DEPRECATED_OBJC_IMPLEMENTATIONS = YES;
				CLANG_WARN_DIRECT_OBJC_ISA_USAGE = YES_ERROR;
				CLANG_WARN_DOCUMENTATION_COMMENTS = YES;
				CLANG_WARN_EMPTY_BODY = YES;
				CLANG_WARN_ENUM_CONVERSION = YES;
				CLANG_WARN_INFINITE_RECURSION = YES;
				CLANG_WARN_INT_CONVERSION = YES;
				CLANG_WARN_NON_LITERAL_NULL_CONVERSION = YES;
				CLANG_WARN_OBJC_IMPLICIT_RETAIN_SELF = YES;
				CLANG_WARN_OBJC_LITERAL_CONVERSION = YES;
				CLANG_WARN_OBJC_ROOT_CLASS = YES_ERROR;
				CLANG_WARN_QUOTED_INCLUDE_IN_FRAMEWORK_HEADER = YES;
				CLANG_WARN_RANGE_LOOP_ANALYSIS = YES;
				CLANG_WARN_STRICT_PROTOTYPES = YES;
				CLANG_WARN_SUSPICIOUS_MOVE = YES;
				CLANG_WARN_UNGUARDED_AVAILABILITY = YES_AGGRESSIVE;
				CLANG_WARN_UNREACHABLE_CODE = YES;
				CLANG_WARN__DUPLICATE_METHOD_MATCH = YES;
				COPY_PHASE_STRIP = NO;
				DEBUG_INFORMATION_FORMAT = dwarf;
				ENABLE_STRICT_OBJC_MSGSEND = YES;
				ENABLE_TESTABILITY = YES;
				GCC_C_LANGUAGE_STANDARD = gnu11;
				GCC_DYNAMIC_NO_PIC = NO;
				GCC_NO_COMMON_BLOCKS = YES;
				GCC_OPTIMIZATION_LEVEL = 0;
				GCC_PREPROCESSOR_DEFINITIONS = (
					"DEBUG=1",
					"$(inherited)",
				);
				GCC_WARN_64_TO_32_BIT_CONVERSION = YES;
				GCC_WARN_ABOUT_RETURN_TYPE = YES_ERROR;
				GCC_WARN_UNDECLARED_SELECTOR = YES;
				GCC_WARN_UNINITIALIZED_AUTOS = YES_AGGRESSIVE;
				GCC_WARN_UNUSED_FUNCTION = YES;
				GCC_WARN_UNUSED_VARIABLE = YES;
				MTL_ENABLE_DEBUG_INFO = INCLUDE_SOURCE;
				MTL_FAST_MATH = YES;
				ONLY_ACTIVE_ARCH = YES;
				SWIFT_ACTIVE_COMPILATION_CONDITIONS = DEBUG;
				SWIFT_OPTIMIZATION_LEVEL = "-Onone";
			};
			name = Debug;
		};
		14E8D9AD2A1F94A8004A6781 /* Release */ = {
			isa = XCBuildConfiguration;
			buildSettings = {
				ALWAYS_SEARCH_USER_PATHS = NO;
				CLANG_ANALYZER_NONNULL = YES;
				CLANG_ANALYZER_NUMBER_OBJECT_CONVERSION = YES_AGGRESSIVE;
				CLANG_CXX_LANGUAGE_STANDARD = "gnu++20";
				CLANG_ENABLE_MODULES = YES;
				CLANG_ENABLE_OBJC_ARC = YES;
				CLANG_ENABLE_OBJC_WEAK = YES;
				CLANG_WARN_BLOCK_CAPTURE_AUTORELEASING = YES;
				CLANG_WARN_BOOL_CONVERSION = YES;
				CLANG_WARN_COMMA = YES;
				CLANG_WARN_CONSTANT_CONVERSION = YES;
				CLANG_WARN_DEPRECATED_OBJC_IMPLEMENTATIONS = YES;
				CLANG_WARN_DIRECT_OBJC_ISA_USAGE = YES_ERROR;
				CLANG_WARN_DOCUMENTATION_COMMENTS = YES;
				CLANG_WARN_EMPTY_BODY = YES;
				CLANG_WARN_ENUM_CONVERSION = YES;
				CLANG_WARN_INFINITE_RECURSION = YES;
				CLANG_WARN_INT_CONVERSION = YES;
				CLANG_WARN_NON_LITERAL_NULL_CONVERSION = YES;
				CLANG_WARN_OBJC_IMPLICIT_RETAIN_SELF = YES;
				CLANG_WARN_OBJC_LITERAL_CONVERSION = YES;
				CLANG_WARN_OBJC_ROOT_CLASS = YES_ERROR;
				CLANG_WARN_QUOTED_INCLUDE_IN_FRAMEWORK_HEADER = YES;
				CLANG_WARN_RANGE_LOOP_ANALYSIS = YES;
				CLANG_WARN_STRICT_PROTOTYPES = YES;
				CLANG_WARN_SUSPICIOUS_MOVE = YES;
				CLANG_WARN_UNGUARDED_AVAILABILITY = YES_AGGRESSIVE;
				CLANG_WARN_UNREACHABLE_CODE = YES;
				CLANG_WARN__DUPLICATE_METHOD_MATCH = YES;
				COPY_PHASE_STRIP = NO;
				DEBUG_INFORMATION_FORMAT = "dwarf-with-dsym";
				ENABLE_NS_ASSERTIONS = NO;
				ENABLE_STRICT_OBJC_MSGSEND = YES;
				GCC_C_LANGUAGE_STANDARD = gnu11;
				GCC_NO_COMMON_BLOCKS = YES;
				GCC_WARN_64_TO_32_BIT_CONVERSION = YES;
				GCC_WARN_ABOUT_RETURN_TYPE = YES_ERROR;
				GCC_WARN_UNDECLARED_SELECTOR = YES;
				GCC_WARN_UNINITIALIZED_AUTOS = YES_AGGRESSIVE;
				GCC_WARN_UNUSED_FUNCTION = YES;
				GCC_WARN_UNUSED_VARIABLE = YES;
				MTL_ENABLE_DEBUG_INFO = NO;
				MTL_FAST_MATH = YES;
				SWIFT_COMPILATION_MODE = wholemodule;
				SWIFT_OPTIMIZATION_LEVEL = "-O";
			};
			name = Release;
		};
		14E8D9AF2A1F94A8004A6781 /* Debug */ = {
			isa = XCBuildConfiguration;
			buildSettings = {
				ASSETCATALOG_COMPILER_APPICON_NAME = AppIcon;
				ASSETCATALOG_COMPILER_GLOBAL_ACCENT_COLOR_NAME = AccentColor;
				CODE_SIGN_ENTITLEMENTS = CoreDataProject/CoreDataProject.entitlements;
				CODE_SIGN_STYLE = Automatic;
				CURRENT_PROJECT_VERSION = 1;
				DEVELOPMENT_ASSET_PATHS = "\"CoreDataProject/Preview Content\"";
				DEVELOPMENT_TEAM = HB6M77SRWM;
				ENABLE_HARDENED_RUNTIME = YES;
				ENABLE_PREVIEWS = YES;
				GENERATE_INFOPLIST_FILE = YES;
				"INFOPLIST_KEY_UIApplicationSceneManifest_Generation[sdk=iphoneos*]" = YES;
				"INFOPLIST_KEY_UIApplicationSceneManifest_Generation[sdk=iphonesimulator*]" = YES;
				"INFOPLIST_KEY_UIApplicationSupportsIndirectInputEvents[sdk=iphoneos*]" = YES;
				"INFOPLIST_KEY_UIApplicationSupportsIndirectInputEvents[sdk=iphonesimulator*]" = YES;
				"INFOPLIST_KEY_UILaunchScreen_Generation[sdk=iphoneos*]" = YES;
				"INFOPLIST_KEY_UILaunchScreen_Generation[sdk=iphonesimulator*]" = YES;
				"INFOPLIST_KEY_UIStatusBarStyle[sdk=iphoneos*]" = UIStatusBarStyleDefault;
				"INFOPLIST_KEY_UIStatusBarStyle[sdk=iphonesimulator*]" = UIStatusBarStyleDefault;
				INFOPLIST_KEY_UISupportedInterfaceOrientations_iPad = "UIInterfaceOrientationPortrait UIInterfaceOrientationPortraitUpsideDown UIInterfaceOrientationLandscapeLeft UIInterfaceOrientationLandscapeRight";
				INFOPLIST_KEY_UISupportedInterfaceOrientations_iPhone = "UIInterfaceOrientationPortrait UIInterfaceOrientationLandscapeLeft UIInterfaceOrientationLandscapeRight";
				IPHONEOS_DEPLOYMENT_TARGET = 16.4;
				LD_RUNPATH_SEARCH_PATHS = "@executable_path/Frameworks";
				"LD_RUNPATH_SEARCH_PATHS[sdk=macosx*]" = "@executable_path/../Frameworks";
				MACOSX_DEPLOYMENT_TARGET = 13.3;
				MARKETING_VERSION = 1.0;
				PRODUCT_BUNDLE_IDENTIFIER = com.andrewgilliland.CoreDataProject;
				PRODUCT_NAME = "$(TARGET_NAME)";
				SDKROOT = auto;
				SUPPORTED_PLATFORMS = "iphoneos iphonesimulator macosx";
				SWIFT_EMIT_LOC_STRINGS = YES;
				SWIFT_VERSION = 5.0;
				TARGETED_DEVICE_FAMILY = "1,2";
			};
			name = Debug;
		};
		14E8D9B02A1F94A8004A6781 /* Release */ = {
			isa = XCBuildConfiguration;
			buildSettings = {
				ASSETCATALOG_COMPILER_APPICON_NAME = AppIcon;
				ASSETCATALOG_COMPILER_GLOBAL_ACCENT_COLOR_NAME = AccentColor;
				CODE_SIGN_ENTITLEMENTS = CoreDataProject/CoreDataProject.entitlements;
				CODE_SIGN_STYLE = Automatic;
				CURRENT_PROJECT_VERSION = 1;
				DEVELOPMENT_ASSET_PATHS = "\"CoreDataProject/Preview Content\"";
				DEVELOPMENT_TEAM = HB6M77SRWM;
				ENABLE_HARDENED_RUNTIME = YES;
				ENABLE_PREVIEWS = YES;
				GENERATE_INFOPLIST_FILE = YES;
				"INFOPLIST_KEY_UIApplicationSceneManifest_Generation[sdk=iphoneos*]" = YES;
				"INFOPLIST_KEY_UIApplicationSceneManifest_Generation[sdk=iphonesimulator*]" = YES;
				"INFOPLIST_KEY_UIApplicationSupportsIndirectInputEvents[sdk=iphoneos*]" = YES;
				"INFOPLIST_KEY_UIApplicationSupportsIndirectInputEvents[sdk=iphonesimulator*]" = YES;
				"INFOPLIST_KEY_UILaunchScreen_Generation[sdk=iphoneos*]" = YES;
				"INFOPLIST_KEY_UILaunchScreen_Generation[sdk=iphonesimulator*]" = YES;
				"INFOPLIST_KEY_UIStatusBarStyle[sdk=iphoneos*]" = UIStatusBarStyleDefault;
				"INFOPLIST_KEY_UIStatusBarStyle[sdk=iphonesimulator*]" = UIStatusBarStyleDefault;
				INFOPLIST_KEY_UISupportedInterfaceOrientations_iPad = "UIInterfaceOrientationPortrait UIInterfaceOrientationPortraitUpsideDown UIInterfaceOrientationLandscapeLeft UIInterfaceOrientationLandscapeRight";
				INFOPLIST_KEY_UISupportedInterfaceOrientations_iPhone = "UIInterfaceOrientationPortrait UIInterfaceOrientationLandscapeLeft UIInterfaceOrientationLandscapeRight";
				IPHONEOS_DEPLOYMENT_TARGET = 16.4;
				LD_RUNPATH_SEARCH_PATHS = "@executable_path/Frameworks";
				"LD_RUNPATH_SEARCH_PATHS[sdk=macosx*]" = "@executable_path/../Frameworks";
				MACOSX_DEPLOYMENT_TARGET = 13.3;
				MARKETING_VERSION = 1.0;
				PRODUCT_BUNDLE_IDENTIFIER = com.andrewgilliland.CoreDataProject;
				PRODUCT_NAME = "$(TARGET_NAME)";
				SDKROOT = auto;
				SUPPORTED_PLATFORMS = "iphoneos iphonesimulator macosx";
				SWIFT_EMIT_LOC_STRINGS = YES;
				SWIFT_VERSION = 5.0;
				TARGETED_DEVICE_FAMILY = "1,2";
			};
			name = Release;
		};
		14E8D9B22A1F94A8004A6781 /* Debug */ = {
			isa = XCBuildConfiguration;
			buildSettings = {
				ALWAYS_EMBED_SWIFT_STANDARD_LIBRARIES = YES;
				BUNDLE_LOADER = "$(TEST_HOST)";
				CODE_SIGN_STYLE = Automatic;
				CURRENT_PROJECT_VERSION = 1;
				DEVELOPMENT_TEAM = HB6M77SRWM;
				GENERATE_INFOPLIST_FILE = YES;
				IPHONEOS_DEPLOYMENT_TARGET = 16.4;
				MACOSX_DEPLOYMENT_TARGET = 13.3;
				MARKETING_VERSION = 1.0;
				PRODUCT_BUNDLE_IDENTIFIER = com.andrewgilliland.CoreDataProjectTests;
				PRODUCT_NAME = "$(TARGET_NAME)";
				SDKROOT = auto;
				SUPPORTED_PLATFORMS = "iphoneos iphonesimulator macosx";
				SWIFT_EMIT_LOC_STRINGS = NO;
				SWIFT_VERSION = 5.0;
				TARGETED_DEVICE_FAMILY = "1,2";
				TEST_HOST = "$(BUILT_PRODUCTS_DIR)/CoreDataProject.app/$(BUNDLE_EXECUTABLE_FOLDER_PATH)/CoreDataProject";
			};
			name = Debug;
		};
		14E8D9B32A1F94A8004A6781 /* Release */ = {
			isa = XCBuildConfiguration;
			buildSettings = {
				ALWAYS_EMBED_SWIFT_STANDARD_LIBRARIES = YES;
				BUNDLE_LOADER = "$(TEST_HOST)";
				CODE_SIGN_STYLE = Automatic;
				CURRENT_PROJECT_VERSION = 1;
				DEVELOPMENT_TEAM = HB6M77SRWM;
				GENERATE_INFOPLIST_FILE = YES;
				IPHONEOS_DEPLOYMENT_TARGET = 16.4;
				MACOSX_DEPLOYMENT_TARGET = 13.3;
				MARKETING_VERSION = 1.0;
				PRODUCT_BUNDLE_IDENTIFIER = com.andrewgilliland.CoreDataProjectTests;
				PRODUCT_NAME = "$(TARGET_NAME)";
				SDKROOT = auto;
				SUPPORTED_PLATFORMS = "iphoneos iphonesimulator macosx";
				SWIFT_EMIT_LOC_STRINGS = NO;
				SWIFT_VERSION = 5.0;
				TARGETED_DEVICE_FAMILY = "1,2";
				TEST_HOST = "$(BUILT_PRODUCTS_DIR)/CoreDataProject.app/$(BUNDLE_EXECUTABLE_FOLDER_PATH)/CoreDataProject";
			};
			name = Release;
		};
		14E8D9B52A1F94A8004A6781 /* Debug */ = {
			isa = XCBuildConfiguration;
			buildSettings = {
				ALWAYS_EMBED_SWIFT_STANDARD_LIBRARIES = YES;
				CODE_SIGN_STYLE = Automatic;
				CURRENT_PROJECT_VERSION = 1;
				DEVELOPMENT_TEAM = HB6M77SRWM;
				GENERATE_INFOPLIST_FILE = YES;
				IPHONEOS_DEPLOYMENT_TARGET = 16.4;
				MACOSX_DEPLOYMENT_TARGET = 13.3;
				MARKETING_VERSION = 1.0;
				PRODUCT_BUNDLE_IDENTIFIER = com.andrewgilliland.CoreDataProjectUITests;
				PRODUCT_NAME = "$(TARGET_NAME)";
				SDKROOT = auto;
				SUPPORTED_PLATFORMS = "iphoneos iphonesimulator macosx";
				SWIFT_EMIT_LOC_STRINGS = NO;
				SWIFT_VERSION = 5.0;
				TARGETED_DEVICE_FAMILY = "1,2";
				TEST_TARGET_NAME = CoreDataProject;
			};
			name = Debug;
		};
		14E8D9B62A1F94A8004A6781 /* Release */ = {
			isa = XCBuildConfiguration;
			buildSettings = {
				ALWAYS_EMBED_SWIFT_STANDARD_LIBRARIES = YES;
				CODE_SIGN_STYLE = Automatic;
				CURRENT_PROJECT_VERSION = 1;
				DEVELOPMENT_TEAM = HB6M77SRWM;
				GENERATE_INFOPLIST_FILE = YES;
				IPHONEOS_DEPLOYMENT_TARGET = 16.4;
				MACOSX_DEPLOYMENT_TARGET = 13.3;
				MARKETING_VERSION = 1.0;
				PRODUCT_BUNDLE_IDENTIFIER = com.andrewgilliland.CoreDataProjectUITests;
				PRODUCT_NAME = "$(TARGET_NAME)";
				SDKROOT = auto;
				SUPPORTED_PLATFORMS = "iphoneos iphonesimulator macosx";
				SWIFT_EMIT_LOC_STRINGS = NO;
				SWIFT_VERSION = 5.0;
				TARGETED_DEVICE_FAMILY = "1,2";
				TEST_TARGET_NAME = CoreDataProject;
			};
			name = Release;
		};
/* End XCBuildConfiguration section */

/* Begin XCConfigurationList section */
		14E8D9842A1F94A7004A6781 /* Build configuration list for PBXProject "CoreDataProject" */ = {
			isa = XCConfigurationList;
			buildConfigurations = (
				14E8D9AC2A1F94A8004A6781 /* Debug */,
				14E8D9AD2A1F94A8004A6781 /* Release */,
			);
			defaultConfigurationIsVisible = 0;
			defaultConfigurationName = Release;
		};
		14E8D9AE2A1F94A8004A6781 /* Build configuration list for PBXNativeTarget "CoreDataProject" */ = {
			isa = XCConfigurationList;
			buildConfigurations = (
				14E8D9AF2A1F94A8004A6781 /* Debug */,
				14E8D9B02A1F94A8004A6781 /* Release */,
			);
			defaultConfigurationIsVisible = 0;
			defaultConfigurationName = Release;
		};
		14E8D9B12A1F94A8004A6781 /* Build configuration list for PBXNativeTarget "CoreDataProjectTests" */ = {
			isa = XCConfigurationList;
			buildConfigurations = (
				14E8D9B22A1F94A8004A6781 /* Debug */,
				14E8D9B32A1F94A8004A6781 /* Release */,
			);
			defaultConfigurationIsVisible = 0;
			defaultConfigurationName = Release;
		};
		14E8D9B42A1F94A8004A6781 /* Build configuration list for PBXNativeTarget "CoreDataProjectUITests" */ = {
			isa = XCConfigurationList;
			buildConfigurations = (
				14E8D9B52A1F94A8004A6781 /* Debug */,
				14E8D9B62A1F94A8004A6781 /* Release */,
			);
			defaultConfigurationIsVisible = 0;
			defaultConfigurationName = Release;
		};
/* End XCConfigurationList section */

/* Begin XCVersionGroup section */
		14E8D9B92A1F96E0004A6781 /* CoreDataProject.xcdatamodeld */ = {
			isa = XCVersionGroup;
			children = (
				14E8D9BA2A1F96E0004A6781 /* CoreDataProject.xcdatamodel */,
			);
			currentVersion = 14E8D9BA2A1F96E0004A6781 /* CoreDataProject.xcdatamodel */;
			path = CoreDataProject.xcdatamodeld;
			sourceTree = "<group>";
			versionGroupType = wrapper.xcdatamodel;
		};
/* End XCVersionGroup section */
	};
	rootObject = 14E8D9812A1F94A7004A6781 /* Project object */;
}
